// !$*UTF8*$!
{
	archiveVersion = 1;
	classes = {
	};
	objectVersion = 46;
	objects = {

/* Begin PBXBuildFile section */
		5A3AFBE71B5184F60074C83B /* main.c in Sources */ = {isa = PBXBuildFile; fileRef = 5A3AFBE61B5184F60074C83B /* main.c */; };
		5A3AFBEF1B51E26E0074C83B /* ecosim.c in Sources */ = {isa = PBXBuildFile; fileRef = 5A3AFBED1B51E26E0074C83B /* ecosim.c */; };
/* End PBXBuildFile section */

/* Begin PBXCopyFilesBuildPhase section */
		5A3AFBE11B5184F60074C83B /* CopyFiles */ = {
			isa = PBXCopyFilesBuildPhase;
			buildActionMask = 2147483647;
			dstPath = /usr/share/man/man1/;
			dstSubfolderSpec = 0;
			files = (
			);
			runOnlyForDeploymentPostprocessing = 1;
		};
/* End PBXCopyFilesBuildPhase section */

/* Begin PBXFileReference section */
		5A3AFBE31B5184F60074C83B /* ecosim_cle */ = {isa = PBXFileReference; explicitFileType = "compiled.mach-o.executable"; includeInIndex = 0; path = ecosim_cle; sourceTree = BUILT_PRODUCTS_DIR; };
		5A3AFBE61B5184F60074C83B /* main.c */ = {isa = PBXFileReference; lastKnownFileType = sourcecode.c.c; path = main.c; sourceTree = "<group>"; };
		5A3AFBED1B51E26E0074C83B /* ecosim.c */ = {isa = PBXFileReference; fileEncoding = 4; lastKnownFileType = sourcecode.c.c; path = ecosim.c; sourceTree = "<group>"; };
		5A3AFBEE1B51E26E0074C83B /* ecosim.h */ = {isa = PBXFileReference; fileEncoding = 4; lastKnownFileType = sourcecode.c.h; path = ecosim.h; sourceTree = "<group>"; };
/* End PBXFileReference section */

/* Begin PBXFrameworksBuildPhase section */
		5A3AFBE01B5184F60074C83B /* Frameworks */ = {
			isa = PBXFrameworksBuildPhase;
			buildActionMask = 2147483647;
			files = (
			);
			runOnlyForDeploymentPostprocessing = 0;
		};
/* End PBXFrameworksBuildPhase section */

/* Begin PBXGroup section */
		5A3AFBDA1B5184F60074C83B = {
			isa = PBXGroup;
			children = (
				5A3AFBE51B5184F60074C83B /* ecosim_cle */,
				5A3AFBE41B5184F60074C83B /* Products */,
			);
			sourceTree = "<group>";
		};
		5A3AFBE41B5184F60074C83B /* Products */ = {
			isa = PBXGroup;
			children = (
				5A3AFBE31B5184F60074C83B /* ecosim_cle */,
			);
			name = Products;
			sourceTree = "<group>";
		};
		5A3AFBE51B5184F60074C83B /* ecosim_cle */ = {
			isa = PBXGroup;
			children = (
				5A3AFBE61B5184F60074C83B /* main.c */,
				5A3AFBED1B51E26E0074C83B /* ecosim.c */,
				5A3AFBEE1B51E26E0074C83B /* ecosim.h */,
			);
			path = ecosim_cle;
			sourceTree = "<group>";
		};
/* End PBXGroup section */

/* Begin PBXNativeTarget section */
		5A3AFBE21B5184F60074C83B /* ecosim_cle */ = {
			isa = PBXNativeTarget;
			buildConfigurationList = 5A3AFBEA1B5184F60074C83B /* Build configuration list for PBXNativeTarget "ecosim_cle" */;
			buildPhases = (
				5A3AFBDF1B5184F60074C83B /* Sources */,
				5A3AFBE01B5184F60074C83B /* Frameworks */,
				5A3AFBE11B5184F60074C83B /* CopyFiles */,
			);
			buildRules = (
			);
			dependencies = (
			);
			name = ecosim_cle;
			productName = ecosim_cle;
			productReference = 5A3AFBE31B5184F60074C83B /* ecosim_cle */;
			productType = "com.apple.product-type.tool";
		};
/* End PBXNativeTarget section */

/* Begin PBXProject section */
		5A3AFBDB1B5184F60074C83B /* Project object */ = {
			isa = PBXProject;
			attributes = {
				LastUpgradeCheck = 0640;
				ORGANIZATIONNAME = "Tom Barbalet";
				TargetAttributes = {
					5A3AFBE21B5184F60074C83B = {
						CreatedOnToolsVersion = 6.4;
					};
				};
			};
			buildConfigurationList = 5A3AFBDE1B5184F60074C83B /* Build configuration list for PBXProject "ecosim_cle" */;
			compatibilityVersion = "Xcode 3.2";
			developmentRegion = English;
			hasScannedForEncodings = 0;
			knownRegions = (
				en,
			);
			mainGroup = 5A3AFBDA1B5184F60074C83B;
			productRefGroup = 5A3AFBE41B5184F60074C83B /* Products */;
			projectDirPath = "";
			projectRoot = "";
			targets = (
				5A3AFBE21B5184F60074C83B /* ecosim_cle */,
			);
		};
/* End PBXProject section */

/* Begin PBXSourcesBuildPhase section */
		5A3AFBDF1B5184F60074C83B /* Sources */ = {
			isa = PBXSourcesBuildPhase;
			buildActionMask = 2147483647;
			files = (
				5A3AFBE71B5184F60074C83B /* main.c in Sources */,
				5A3AFBEF1B51E26E0074C83B /* ecosim.c in Sources */,
			);
			runOnlyForDeploymentPostprocessing = 0;
		};
/* End PBXSourcesBuildPhase section */

/* Begin XCBuildConfiguration section */
		5A3AFBE81B5184F60074C83B /* Debug */ = {
			isa = XCBuildConfiguration;
			buildSettings = {
				ALWAYS_SEARCH_USER_PATHS = NO;
				CLANG_CXX_LANGUAGE_STANDARD = "gnu++0x";
				CLANG_CXX_LIBRARY = "libc++";
				CLANG_ENABLE_MODULES = YES;
				CLANG_ENABLE_OBJC_ARC = YES;
				CLANG_WARN_BOOL_CONVERSION = YES;
				CLANG_WARN_CONSTANT_CONVERSION = YES;
				CLANG_WARN_DIRECT_OBJC_ISA_USAGE = YES_ERROR;
				CLANG_WARN_EMPTY_BODY = YES;
				CLANG_WARN_ENUM_CONVERSION = YES;
				CLANG_WARN_INT_CONVERSION = YES;
				CLANG_WARN_OBJC_ROOT_CLASS = YES_ERROR;
				CLANG_WARN_UNREACHABLE_CODE = YES;
				CLANG_WARN__DUPLICATE_METHOD_MATCH = YES;
				COPY_PHASE_STRIP = NO;
				DEBUG_INFORMATION_FORMAT = dwarf;
				ENABLE_STRICT_OBJC_MSGSEND = YES;
				GCC_C_LANGUAGE_STANDARD = gnu99;
				GCC_DYNAMIC_NO_PIC = NO;
				GCC_NO_COMMON_BLOCKS = YES;
				GCC_OPTIMIZATION_LEVEL = 0;
				GCC_PREPROCESSOR_DEFINITIONS = (
					"DEBUG=1",
					"$(inherited)",
				);
				GCC_SYMBOLS_PRIVATE_EXTERN = NO;
				GCC_WARN_64_TO_32_BIT_CONVERSION = YES;
				GCC_WARN_ABOUT_RETURN_TYPE = YES_ERROR;
				GCC_WARN_UNDECLARED_SELECTOR = YES;
				GCC_WARN_UNINITIALIZED_AUTOS = YES_AGGRESSIVE;
				GCC_WARN_UNUSED_FUNCTION = YES;
				GCC_WARN_UNUSED_VARIABLE = YES;
				MACOSX_DEPLOYMENT_TARGET = 10.10;
				MTL_ENABLE_DEBUG_INFO = YES;
				ONLY_ACTIVE_ARCH = YES;
				SDKROOT = macosx;
			};
			name = Debug;
		};
		5A3AFBE91B5184F60074C83B /* Release */ = {
			isa = XCBuildConfiguration;
			buildSettings = {
				ALWAYS_SEARCH_USER_PATHS = NO;
				CLANG_CXX_LANGUAGE_STANDARD = "gnu++0x";
				CLANG_CXX_LIBRARY = "libc++";
				CLANG_ENABLE_MODULES = YES;
				CLANG_ENABLE_OBJC_ARC = YES;
				CLANG_WARN_BOOL_CONVERSION = YES;
				CLANG_WARN_CONSTANT_CONVERSION = YES;
				CLANG_WARN_DIRECT_OBJC_ISA_USAGE = YES_ERROR;
				CLANG_WARN_EMPTY_BODY = YES;
				CLANG_WARN_ENUM_CONVERSION = YES;
				CLANG_WARN_INT_CONVERSION = YES;
				CLANG_WARN_OBJC_ROOT_CLASS = YES_ERROR;
				CLANG_WARN_UNREACHABLE_CODE = YES;
				CLANG_WARN__DUPLICATE_METHOD_MATCH = YES;
				COPY_PHASE_STRIP = NO;
				DEBUG_INFORMATION_FORMAT = "dwarf-with-dsym";
				ENABLE_NS_ASSERTIONS = NO;
				ENABLE_STRICT_OBJC_MSGSEND = YES;
				GCC_C_LANGUAGE_STANDARD = gnu99;
				GCC_NO_COMMON_BLOCKS = YES;
				GCC_WARN_64_TO_32_BIT_CONVERSION = YES;
				GCC_WARN_ABOUT_RETURN_TYPE = YES_ERROR;
				GCC_WARN_UNDECLARED_SELECTOR = YES;
				GCC_WARN_UNINITIALIZED_AUTOS = YES_AGGRESSIVE;
				GCC_WARN_UNUSED_FUNCTION = YES;
				GCC_WARN_UNUSED_VARIABLE = YES;
				MACOSX_DEPLOYMENT_TARGET = 10.10;
				MTL_ENABLE_DEBUG_INFO = NO;
				SDKROOT = macosx;
			};
			name = Release;
		};
		5A3AFBEB1B5184F60074C83B /* Debug */ = {
			isa = XCBuildConfiguration;
			buildSettings = {
				PRODUCT_NAME = "$(TARGET_NAME)";
			};
			name = Debug;
		};
		5A3AFBEC1B5184F60074C83B /* Release */ = {
			isa = XCBuildConfiguration;
			buildSettings = {
				PRODUCT_NAME = "$(TARGET_NAME)";
			};
			name = Release;
		};
/* End XCBuildConfiguration section */

/* Begin XCConfigurationList section */
		5A3AFBDE1B5184F60074C83B /* Build configuration list for PBXProject "ecosim_cle" */ = {
			isa = XCConfigurationList;
			buildConfigurations = (
				5A3AFBE81B5184F60074C83B /* Debug */,
				5A3AFBE91B5184F60074C83B /* Release */,
			);
			defaultConfigurationIsVisible = 0;
			defaultConfigurationName = Release;
		};
		5A3AFBEA1B5184F60074C83B /* Build configuration list for PBXNativeTarget "ecosim_cle" */ = {
			isa = XCConfigurationList;
			buildConfigurations = (
				5A3AFBEB1B5184F60074C83B /* Debug */,
				5A3AFBEC1B5184F60074C83B /* Release */,
			);
			defaultConfigurationIsVisible = 0;
		};
/* End XCConfigurationList section */
	};
	rootObject = 5A3AFBDB1B5184F60074C83B /* Project object */;
}
